
Microsoft Visual Studio Solution File, Format Version 12.00
# Visual Studio 15
VisualStudioVersion = 15.0.27004.2006
MinimumVisualStudioVersion = 10.0.40219.1
Project("{FAE04EC0-301F-11D3-BF4B-00C04F79EFBC}") = "EjemploGit", "EjemploGit\EjemploGit.csproj", "{04FE468E-8815-4BFB-A6CF-4BA225A14758}"
EndProject
Global
	GlobalSection(SolutionConfigurationPlatforms) = preSolution
		Debug|Any CPU = Debug|Any CPU
		Release|Any CPU = Release|Any CPU
	EndGlobalSection
	GlobalSection(ProjectConfigurationPlatforms) = postSolution
		{04FE468E-8815-4BFB-A6CF-4BA225A14758}.Debug|Any CPU.ActiveCfg = Debug|Any CPU
		{04FE468E-8815-4BFB-A6CF-4BA225A14758}.Debug|Any CPU.Build.0 = Debug|Any CPU
		{04FE468E-8815-4BFB-A6CF-4BA225A14758}.Release|Any CPU.ActiveCfg = Release|Any CPU
		{04FE468E-8815-4BFB-A6CF-4BA225A14758}.Release|Any CPU.Build.0 = Release|Any CPU
	EndGlobalSection
	GlobalSection(SolutionProperties) = preSolution
		HideSolutionNode = FALSE
	EndGlobalSection
	GlobalSection(ExtensibilityGlobals) = postSolution
		SolutionGuid = {9E980F0A-FBB8-43EB-9DA9-60DBFFCC3584}
	EndGlobalSection
EndGlobal
